// !$*UTF8*$!
{
	archiveVersion = 1;
	classes = {
	};
	objectVersion = 46;
	objects = {

/* Begin PBXBuildFile section */
		611FC5831D7164F3001E7CA8 /* AppDelegate.swift in Sources */ = {isa = PBXBuildFile; fileRef = 611FC5821D7164F3001E7CA8 /* AppDelegate.swift */; };
		611FC58A1D7164F3001E7CA8 /* Assets.xcassets in Resources */ = {isa = PBXBuildFile; fileRef = 611FC5891D7164F3001E7CA8 /* Assets.xcassets */; };
		611FC58D1D7164F3001E7CA8 /* LaunchScreen.storyboard in Resources */ = {isa = PBXBuildFile; fileRef = 611FC58B1D7164F3001E7CA8 /* LaunchScreen.storyboard */; };
		61622B9E1D7476E200D3336E /* ConcurrentOpertion.swift in Sources */ = {isa = PBXBuildFile; fileRef = 61622B9D1D7476E200D3336E /* ConcurrentOpertion.swift */; };
		6164CE131D7494BA00A63277 /* TestRunnerHelper.swift in Sources */ = {isa = PBXBuildFile; fileRef = 6164CE121D7494BA00A63277 /* TestRunnerHelper.swift */; };
		61839F4A1D7168CE00B74067 /* PhotoTests.swift in Sources */ = {isa = PBXBuildFile; fileRef = 61839F491D7168CE00B74067 /* PhotoTests.swift */; };
		61839F591D71975000B74067 /* Photo.swift in Sources */ = {isa = PBXBuildFile; fileRef = 61839F571D71975000B74067 /* Photo.swift */; };
		61839F5A1D71975000B74067 /* PhotoItem.swift in Sources */ = {isa = PBXBuildFile; fileRef = 61839F581D71975000B74067 /* PhotoItem.swift */; };
		61AC00791D71EEC400CDC420 /* Mocks.swift in Sources */ = {isa = PBXBuildFile; fileRef = 61AC00781D71EEC400CDC420 /* Mocks.swift */; };
		61AC00821D72091200CDC420 /* GalleryViewControllerTests.swift in Sources */ = {isa = PBXBuildFile; fileRef = 61AC00811D72091200CDC420 /* GalleryViewControllerTests.swift */; };
		61AC00841D7209B400CDC420 /* GalleryViewController.swift in Sources */ = {isa = PBXBuildFile; fileRef = 61AC00831D7209B400CDC420 /* GalleryViewController.swift */; };
		61AC008C1D720DFC00CDC420 /* GalleryDataProvider.swift in Sources */ = {isa = PBXBuildFile; fileRef = 61AC008B1D720DFC00CDC420 /* GalleryDataProvider.swift */; };
		61AC008E1D72107000CDC420 /* GalleryDataProviderTests.swift in Sources */ = {isa = PBXBuildFile; fileRef = 61AC008D1D72107000CDC420 /* GalleryDataProviderTests.swift */; };
		61E100071D72EAC200F516ED /* NavigationTests.swift in Sources */ = {isa = PBXBuildFile; fileRef = 61E100061D72EAC200F516ED /* NavigationTests.swift */; };
		61E1003F1D7439B900F516ED /* FlickrAPIService.swift in Sources */ = {isa = PBXBuildFile; fileRef = 61E1003D1D7439B900F516ED /* FlickrAPIService.swift */; };
		61E100401D7439B900F516ED /* FlickrResponseParser.swift in Sources */ = {isa = PBXBuildFile; fileRef = 61E1003E1D7439B900F516ED /* FlickrResponseParser.swift */; };
		61E1004B1D743D6B00F516ED /* PhotoLoader.swift in Sources */ = {isa = PBXBuildFile; fileRef = 61E1004A1D743D6B00F516ED /* PhotoLoader.swift */; };
		61E1004D1D743D7500F516ED /* FlickrPhotoLoader.swift in Sources */ = {isa = PBXBuildFile; fileRef = 61E1004C1D743D7500F516ED /* FlickrPhotoLoader.swift */; };
		61E1004F1D743D7E00F516ED /* PhotoManager.swift in Sources */ = {isa = PBXBuildFile; fileRef = 61E1004E1D743D7E00F516ED /* PhotoManager.swift */; };
		61E100511D743D9700F516ED /* PhotoLoaderTests.swift in Sources */ = {isa = PBXBuildFile; fileRef = 61E100501D743D9700F516ED /* PhotoLoaderTests.swift */; };
		61E100541D743DA100F516ED /* FlickrAPIServiceTests.swift in Sources */ = {isa = PBXBuildFile; fileRef = 61E100521D743DA100F516ED /* FlickrAPIServiceTests.swift */; };
		61E100551D743DA100F516ED /* FlickrResponseParserTests.swift in Sources */ = {isa = PBXBuildFile; fileRef = 61E100531D743DA100F516ED /* FlickrResponseParserTests.swift */; };
		61E100571D743DAA00F516ED /* PhotoManagerTests.swift in Sources */ = {isa = PBXBuildFile; fileRef = 61E100561D743DAA00F516ED /* PhotoManagerTests.swift */; };
		61E1FFF21D721FE400F516ED /* GalleryCollectionViewCell.swift in Sources */ = {isa = PBXBuildFile; fileRef = 61E1FFF11D721FE400F516ED /* GalleryCollectionViewCell.swift */; };
		61E1FFF51D72260E00F516ED /* DataProvider.swift in Sources */ = {isa = PBXBuildFile; fileRef = 61E1FFF41D72260E00F516ED /* DataProvider.swift */; };
		61E1FFF71D72D3CA00F516ED /* Extensions.swift in Sources */ = {isa = PBXBuildFile; fileRef = 61E1FFF61D72D3CA00F516ED /* Extensions.swift */; };
		61E1FFFA1D72D4ED00F516ED /* GalleryCollectionViewCellTests.swift in Sources */ = {isa = PBXBuildFile; fileRef = 61E1FFF91D72D4ED00F516ED /* GalleryCollectionViewCellTests.swift */; };
		61E1FFFD1D72D9F800F516ED /* PhotoViewControllerTests.swift in Sources */ = {isa = PBXBuildFile; fileRef = 61E1FFFC1D72D9F800F516ED /* PhotoViewControllerTests.swift */; };
		61E1FFFF1D72DA4D00F516ED /* PhotoViewController.swift in Sources */ = {isa = PBXBuildFile; fileRef = 61E1FFFE1D72DA4D00F516ED /* PhotoViewController.swift */; };
		61F789131D74B7D800CF8203 /* Kingfisher.framework in Frameworks */ = {isa = PBXBuildFile; fileRef = 61F789121D74B7D800CF8203 /* Kingfisher.framework */; };
		61F789171D74CA4A00CF8203 /* Reachability.framework in Frameworks */ = {isa = PBXBuildFile; fileRef = 61F789161D74CA4A00CF8203 /* Reachability.framework */; };
		61F789191D75600600CF8203 /* ReachabilityManager.swift in Sources */ = {isa = PBXBuildFile; fileRef = 61F789181D75600600CF8203 /* ReachabilityManager.swift */; };
		61F7891B1D75789900CF8203 /* LoadMoreCollectionViewCell.swift in Sources */ = {isa = PBXBuildFile; fileRef = 61F7891A1D75789900CF8203 /* LoadMoreCollectionViewCell.swift */; };
		61F7891D1D7578B600CF8203 /* RefreshCollectionViewCell.swift in Sources */ = {isa = PBXBuildFile; fileRef = 61F7891C1D7578B600CF8203 /* RefreshCollectionViewCell.swift */; };
/* End PBXBuildFile section */

/* Begin PBXContainerItemProxy section */
		611FC5941D7164F3001E7CA8 /* PBXContainerItemProxy */ = {
			isa = PBXContainerItemProxy;
			containerPortal = 611FC5771D7164F2001E7CA8 /* Project object */;
			proxyType = 1;
			remoteGlobalIDString = 611FC57E1D7164F3001E7CA8;
			remoteInfo = FlickrPartyTDD;
		};
		611FC59F1D7164F3001E7CA8 /* PBXContainerItemProxy */ = {
			isa = PBXContainerItemProxy;
			containerPortal = 611FC5771D7164F2001E7CA8 /* Project object */;
			proxyType = 1;
			remoteGlobalIDString = 611FC57E1D7164F3001E7CA8;
			remoteInfo = FlickrPartyTDD;
		};
/* End PBXContainerItemProxy section */

/* Begin PBXFileReference section */
		611FC57F1D7164F3001E7CA8 /* FlickrPartyTDD.app */ = {isa = PBXFileReference; explicitFileType = wrapper.application; includeInIndex = 0; path = FlickrPartyTDD.app; sourceTree = BUILT_PRODUCTS_DIR; };
		611FC5821D7164F3001E7CA8 /* AppDelegate.swift */ = {isa = PBXFileReference; lastKnownFileType = sourcecode.swift; path = AppDelegate.swift; sourceTree = "<group>"; };
		611FC5891D7164F3001E7CA8 /* Assets.xcassets */ = {isa = PBXFileReference; lastKnownFileType = folder.assetcatalog; path = Assets.xcassets; sourceTree = "<group>"; };
		611FC58C1D7164F3001E7CA8 /* Base */ = {isa = PBXFileReference; lastKnownFileType = file.storyboard; name = Base; path = Base.lproj/LaunchScreen.storyboard; sourceTree = "<group>"; };
		611FC58E1D7164F3001E7CA8 /* Info.plist */ = {isa = PBXFileReference; lastKnownFileType = text.plist.xml; path = Info.plist; sourceTree = "<group>"; };
		611FC5931D7164F3001E7CA8 /* FlickrPartyTDDTests.xctest */ = {isa = PBXFileReference; explicitFileType = wrapper.cfbundle; includeInIndex = 0; path = FlickrPartyTDDTests.xctest; sourceTree = BUILT_PRODUCTS_DIR; };
		611FC5991D7164F3001E7CA8 /* Info.plist */ = {isa = PBXFileReference; lastKnownFileType = text.plist.xml; path = Info.plist; sourceTree = "<group>"; };
		611FC59E1D7164F3001E7CA8 /* FlickrPartyTDDUITests.xctest */ = {isa = PBXFileReference; explicitFileType = wrapper.cfbundle; includeInIndex = 0; path = FlickrPartyTDDUITests.xctest; sourceTree = BUILT_PRODUCTS_DIR; };
		611FC5A41D7164F3001E7CA8 /* Info.plist */ = {isa = PBXFileReference; lastKnownFileType = text.plist.xml; path = Info.plist; sourceTree = "<group>"; };
		61622B9D1D7476E200D3336E /* ConcurrentOpertion.swift */ = {isa = PBXFileReference; fileEncoding = 4; lastKnownFileType = sourcecode.swift; name = ConcurrentOpertion.swift; path = Model/ConcurrentOpertion.swift; sourceTree = "<group>"; };
		6164CE121D7494BA00A63277 /* TestRunnerHelper.swift */ = {isa = PBXFileReference; fileEncoding = 4; lastKnownFileType = sourcecode.swift; path = TestRunnerHelper.swift; sourceTree = "<group>"; };
		61839F491D7168CE00B74067 /* PhotoTests.swift */ = {isa = PBXFileReference; fileEncoding = 4; lastKnownFileType = sourcecode.swift; name = PhotoTests.swift; path = Model/PhotoTests.swift; sourceTree = "<group>"; };
		61839F571D71975000B74067 /* Photo.swift */ = {isa = PBXFileReference; fileEncoding = 4; lastKnownFileType = sourcecode.swift; name = Photo.swift; path = Model/Photo.swift; sourceTree = "<group>"; };
		61839F581D71975000B74067 /* PhotoItem.swift */ = {isa = PBXFileReference; fileEncoding = 4; lastKnownFileType = sourcecode.swift; name = PhotoItem.swift; path = Model/PhotoItem.swift; sourceTree = "<group>"; };
		61AC00781D71EEC400CDC420 /* Mocks.swift */ = {isa = PBXFileReference; fileEncoding = 4; lastKnownFileType = sourcecode.swift; name = Mocks.swift; path = Mocks/Mocks.swift; sourceTree = "<group>"; };
		61AC00811D72091200CDC420 /* GalleryViewControllerTests.swift */ = {isa = PBXFileReference; fileEncoding = 4; lastKnownFileType = sourcecode.swift; name = GalleryViewControllerTests.swift; path = Controller/GalleryViewControllerTests.swift; sourceTree = "<group>"; };
		61AC00831D7209B400CDC420 /* GalleryViewController.swift */ = {isa = PBXFileReference; fileEncoding = 4; lastKnownFileType = sourcecode.swift; name = GalleryViewController.swift; path = Controller/GalleryViewController.swift; sourceTree = "<group>"; };
		61AC008B1D720DFC00CDC420 /* GalleryDataProvider.swift */ = {isa = PBXFileReference; fileEncoding = 4; lastKnownFileType = sourcecode.swift; name = GalleryDataProvider.swift; path = Controller/GalleryDataProvider.swift; sourceTree = "<group>"; };
		61AC008D1D72107000CDC420 /* GalleryDataProviderTests.swift */ = {isa = PBXFileReference; fileEncoding = 4; lastKnownFileType = sourcecode.swift; name = GalleryDataProviderTests.swift; path = Controller/GalleryDataProviderTests.swift; sourceTree = "<group>"; };
		61E100061D72EAC200F516ED /* NavigationTests.swift */ = {isa = PBXFileReference; fileEncoding = 4; lastKnownFileType = sourcecode.swift; name = NavigationTests.swift; path = Controller/NavigationTests.swift; sourceTree = "<group>"; };
		61E1003D1D7439B900F516ED /* FlickrAPIService.swift */ = {isa = PBXFileReference; fileEncoding = 4; lastKnownFileType = sourcecode.swift; name = FlickrAPIService.swift; path = Model/Flickr/FlickrAPIService.swift; sourceTree = "<group>"; };
		61E1003E1D7439B900F516ED /* FlickrResponseParser.swift */ = {isa = PBXFileReference; fileEncoding = 4; lastKnownFileType = sourcecode.swift; name = FlickrResponseParser.swift; path = Model/Flickr/FlickrResponseParser.swift; sourceTree = "<group>"; };
		61E1004A1D743D6B00F516ED /* PhotoLoader.swift */ = {isa = PBXFileReference; fileEncoding = 4; lastKnownFileType = sourcecode.swift; name = PhotoLoader.swift; path = Model/PhotoLoader.swift; sourceTree = "<group>"; };
		61E1004C1D743D7500F516ED /* FlickrPhotoLoader.swift */ = {isa = PBXFileReference; fileEncoding = 4; lastKnownFileType = sourcecode.swift; name = FlickrPhotoLoader.swift; path = Model/Flickr/FlickrPhotoLoader.swift; sourceTree = "<group>"; };
		61E1004E1D743D7E00F516ED /* PhotoManager.swift */ = {isa = PBXFileReference; fileEncoding = 4; lastKnownFileType = sourcecode.swift; name = PhotoManager.swift; path = Controller/PhotoManager.swift; sourceTree = "<group>"; };
		61E100501D743D9700F516ED /* PhotoLoaderTests.swift */ = {isa = PBXFileReference; fileEncoding = 4; lastKnownFileType = sourcecode.swift; name = PhotoLoaderTests.swift; path = Model/PhotoLoaderTests.swift; sourceTree = "<group>"; };
		61E100521D743DA100F516ED /* FlickrAPIServiceTests.swift */ = {isa = PBXFileReference; fileEncoding = 4; lastKnownFileType = sourcecode.swift; name = FlickrAPIServiceTests.swift; path = Model/Flickr/FlickrAPIServiceTests.swift; sourceTree = "<group>"; };
		61E100531D743DA100F516ED /* FlickrResponseParserTests.swift */ = {isa = PBXFileReference; fileEncoding = 4; lastKnownFileType = sourcecode.swift; name = FlickrResponseParserTests.swift; path = Model/Flickr/FlickrResponseParserTests.swift; sourceTree = "<group>"; };
		61E100561D743DAA00F516ED /* PhotoManagerTests.swift */ = {isa = PBXFileReference; fileEncoding = 4; lastKnownFileType = sourcecode.swift; name = PhotoManagerTests.swift; path = Controller/PhotoManagerTests.swift; sourceTree = "<group>"; };
		61E1FFF11D721FE400F516ED /* GalleryCollectionViewCell.swift */ = {isa = PBXFileReference; fileEncoding = 4; lastKnownFileType = sourcecode.swift; name = GalleryCollectionViewCell.swift; path = View/GalleryCollectionViewCell.swift; sourceTree = "<group>"; };
		61E1FFF41D72260E00F516ED /* DataProvider.swift */ = {isa = PBXFileReference; fileEncoding = 4; lastKnownFileType = sourcecode.swift; name = DataProvider.swift; path = Controller/DataProvider.swift; sourceTree = "<group>"; };
		61E1FFF61D72D3CA00F516ED /* Extensions.swift */ = {isa = PBXFileReference; fileEncoding = 4; lastKnownFileType = sourcecode.swift; name = Extensions.swift; path = Extensions/Extensions.swift; sourceTree = "<group>"; };
		61E1FFF91D72D4ED00F516ED /* GalleryCollectionViewCellTests.swift */ = {isa = PBXFileReference; fileEncoding = 4; lastKnownFileType = sourcecode.swift; name = GalleryCollectionViewCellTests.swift; path = View/GalleryCollectionViewCellTests.swift; sourceTree = "<group>"; };
		61E1FFFC1D72D9F800F516ED /* PhotoViewControllerTests.swift */ = {isa = PBXFileReference; fileEncoding = 4; lastKnownFileType = sourcecode.swift; name = PhotoViewControllerTests.swift; path = Controller/PhotoViewControllerTests.swift; sourceTree = "<group>"; };
		61E1FFFE1D72DA4D00F516ED /* PhotoViewController.swift */ = {isa = PBXFileReference; fileEncoding = 4; lastKnownFileType = sourcecode.swift; name = PhotoViewController.swift; path = Controller/PhotoViewController.swift; sourceTree = "<group>"; };
		61F789121D74B7D800CF8203 /* Kingfisher.framework */ = {isa = PBXFileReference; lastKnownFileType = wrapper.framework; name = Kingfisher.framework; path = Carthage/Build/iOS/Kingfisher.framework; sourceTree = "<group>"; };
		61F789161D74CA4A00CF8203 /* Reachability.framework */ = {isa = PBXFileReference; lastKnownFileType = wrapper.framework; name = Reachability.framework; path = Carthage/Build/iOS/Reachability.framework; sourceTree = "<group>"; };
		61F789181D75600600CF8203 /* ReachabilityManager.swift */ = {isa = PBXFileReference; fileEncoding = 4; lastKnownFileType = sourcecode.swift; name = ReachabilityManager.swift; path = Util/ReachabilityManager.swift; sourceTree = "<group>"; };
		61F7891A1D75789900CF8203 /* LoadMoreCollectionViewCell.swift */ = {isa = PBXFileReference; fileEncoding = 4; lastKnownFileType = sourcecode.swift; name = LoadMoreCollectionViewCell.swift; path = View/LoadMoreCollectionViewCell.swift; sourceTree = "<group>"; };
		61F7891C1D7578B600CF8203 /* RefreshCollectionViewCell.swift */ = {isa = PBXFileReference; fileEncoding = 4; lastKnownFileType = sourcecode.swift; name = RefreshCollectionViewCell.swift; path = View/RefreshCollectionViewCell.swift; sourceTree = "<group>"; };
/* End PBXFileReference section */

/* Begin PBXFrameworksBuildPhase section */
		611FC57C1D7164F3001E7CA8 /* Frameworks */ = {
			isa = PBXFrameworksBuildPhase;
			buildActionMask = 2147483647;
			files = (
				61F789131D74B7D800CF8203 /* Kingfisher.framework in Frameworks */,
				61F789171D74CA4A00CF8203 /* Reachability.framework in Frameworks */,
			);
			runOnlyForDeploymentPostprocessing = 0;
		};
		611FC5901D7164F3001E7CA8 /* Frameworks */ = {
			isa = PBXFrameworksBuildPhase;
			buildActionMask = 2147483647;
			files = (
			);
			runOnlyForDeploymentPostprocessing = 0;
		};
		611FC59B1D7164F3001E7CA8 /* Frameworks */ = {
			isa = PBXFrameworksBuildPhase;
			buildActionMask = 2147483647;
			files = (
			);
			runOnlyForDeploymentPostprocessing = 0;
		};
/* End PBXFrameworksBuildPhase section */

/* Begin PBXGroup section */
		611FC5761D7164F2001E7CA8 = {
			isa = PBXGroup;
			children = (
				61F789151D74B86300CF8203 /* Frameworks */,
				611FC5811D7164F3001E7CA8 /* FlickrPartyTDD */,
				611FC5961D7164F3001E7CA8 /* FlickrPartyTDDTests */,
				61AC007A1D71EECB00CDC420 /* Utils */,
				611FC5A11D7164F3001E7CA8 /* FlickrPartyTDDUITests */,
				611FC5801D7164F3001E7CA8 /* Products */,
			);
			sourceTree = "<group>";
		};
		611FC5801D7164F3001E7CA8 /* Products */ = {
			isa = PBXGroup;
			children = (
				611FC57F1D7164F3001E7CA8 /* FlickrPartyTDD.app */,
				611FC5931D7164F3001E7CA8 /* FlickrPartyTDDTests.xctest */,
				611FC59E1D7164F3001E7CA8 /* FlickrPartyTDDUITests.xctest */,
			);
			name = Products;
			sourceTree = "<group>";
		};
		611FC5811D7164F3001E7CA8 /* FlickrPartyTDD */ = {
			isa = PBXGroup;
			children = (
				611FC5821D7164F3001E7CA8 /* AppDelegate.swift */,
				611FC5891D7164F3001E7CA8 /* Assets.xcassets */,
				611FC58B1D7164F3001E7CA8 /* LaunchScreen.storyboard */,
				611FC58E1D7164F3001E7CA8 /* Info.plist */,
				61839F4D1D7178BE00B74067 /* Model */,
				61AC00851D7209C400CDC420 /* Controller */,
				61E1FFF31D72200C00F516ED /* View */,
				61E1FFF81D72D3DA00F516ED /* Util */,
			);
			path = FlickrPartyTDD;
			sourceTree = "<group>";
		};
		611FC5961D7164F3001E7CA8 /* FlickrPartyTDDTests */ = {
			isa = PBXGroup;
			children = (
				611FC5991D7164F3001E7CA8 /* Info.plist */,
				61839F4E1D7178C300B74067 /* Model */,
				61AC00861D7209CB00CDC420 /* Controller */,
				61E1FFFB1D72D82400F516ED /* View */,
				6164CE121D7494BA00A63277 /* TestRunnerHelper.swift */,
			);
			path = FlickrPartyTDDTests;
			sourceTree = "<group>";
		};
		611FC5A11D7164F3001E7CA8 /* FlickrPartyTDDUITests */ = {
			isa = PBXGroup;
			children = (
				611FC5A41D7164F3001E7CA8 /* Info.plist */,
			);
			path = FlickrPartyTDDUITests;
			sourceTree = "<group>";
		};
		61839F4D1D7178BE00B74067 /* Model */ = {
			isa = PBXGroup;
			children = (
				61E1004A1D743D6B00F516ED /* PhotoLoader.swift */,
				61839F571D71975000B74067 /* Photo.swift */,
				61839F581D71975000B74067 /* PhotoItem.swift */,
				61AC007F1D72005800CDC420 /* Flickr */,
				61622B9D1D7476E200D3336E /* ConcurrentOpertion.swift */,
			);
			name = Model;
			sourceTree = "<group>";
		};
		61839F4E1D7178C300B74067 /* Model */ = {
			isa = PBXGroup;
			children = (
				61E100501D743D9700F516ED /* PhotoLoaderTests.swift */,
				61839F491D7168CE00B74067 /* PhotoTests.swift */,
				61AC00801D72005F00CDC420 /* Flickr */,
			);
			name = Model;
			sourceTree = "<group>";
		};
		61AC007A1D71EECB00CDC420 /* Utils */ = {
			isa = PBXGroup;
			children = (
				61AC00781D71EEC400CDC420 /* Mocks.swift */,
			);
			name = Utils;
			path = FlickrPartyTDDTests;
			sourceTree = "<group>";
		};
		61AC007F1D72005800CDC420 /* Flickr */ = {
			isa = PBXGroup;
			children = (
				61E1004C1D743D7500F516ED /* FlickrPhotoLoader.swift */,
				61E1003D1D7439B900F516ED /* FlickrAPIService.swift */,
				61E1003E1D7439B900F516ED /* FlickrResponseParser.swift */,
			);
			name = Flickr;
			sourceTree = "<group>";
		};
		61AC00801D72005F00CDC420 /* Flickr */ = {
			isa = PBXGroup;
			children = (
				61E100521D743DA100F516ED /* FlickrAPIServiceTests.swift */,
				61E100531D743DA100F516ED /* FlickrResponseParserTests.swift */,
			);
			name = Flickr;
			sourceTree = "<group>";
		};
		61AC00851D7209C400CDC420 /* Controller */ = {
			isa = PBXGroup;
			children = (
				61E1004E1D743D7E00F516ED /* PhotoManager.swift */,
				61AC00831D7209B400CDC420 /* GalleryViewController.swift */,
				61AC008B1D720DFC00CDC420 /* GalleryDataProvider.swift */,
				61E1FFF41D72260E00F516ED /* DataProvider.swift */,
				61E1FFFE1D72DA4D00F516ED /* PhotoViewController.swift */,
			);
			name = Controller;
			sourceTree = "<group>";
		};
		61AC00861D7209CB00CDC420 /* Controller */ = {
			isa = PBXGroup;
			children = (
				61E100561D743DAA00F516ED /* PhotoManagerTests.swift */,
				61AC00811D72091200CDC420 /* GalleryViewControllerTests.swift */,
				61AC008D1D72107000CDC420 /* GalleryDataProviderTests.swift */,
				61E1FFFC1D72D9F800F516ED /* PhotoViewControllerTests.swift */,
				61E100061D72EAC200F516ED /* NavigationTests.swift */,
			);
			name = Controller;
			sourceTree = "<group>";
		};
		61E1FFF31D72200C00F516ED /* View */ = {
			isa = PBXGroup;
			children = (
				61E1FFF11D721FE400F516ED /* GalleryCollectionViewCell.swift */,
				61F7891A1D75789900CF8203 /* LoadMoreCollectionViewCell.swift */,
				61F7891C1D7578B600CF8203 /* RefreshCollectionViewCell.swift */,
			);
			name = View;
			sourceTree = "<group>";
		};
		61E1FFF81D72D3DA00F516ED /* Util */ = {
			isa = PBXGroup;
			children = (
				61E1FFF61D72D3CA00F516ED /* Extensions.swift */,
				61F789181D75600600CF8203 /* ReachabilityManager.swift */,
			);
			name = Util;
			sourceTree = "<group>";
		};
		61E1FFFB1D72D82400F516ED /* View */ = {
			isa = PBXGroup;
			children = (
				61E1FFF91D72D4ED00F516ED /* GalleryCollectionViewCellTests.swift */,
			);
			name = View;
			sourceTree = "<group>";
		};
		61F789151D74B86300CF8203 /* Frameworks */ = {
			isa = PBXGroup;
			children = (
				61F789161D74CA4A00CF8203 /* Reachability.framework */,
				61F789121D74B7D800CF8203 /* Kingfisher.framework */,
			);
			name = Frameworks;
			sourceTree = "<group>";
		};
/* End PBXGroup section */

/* Begin PBXNativeTarget section */
		611FC57E1D7164F3001E7CA8 /* FlickrPartyTDD */ = {
			isa = PBXNativeTarget;
			buildConfigurationList = 611FC5A71D7164F3001E7CA8 /* Build configuration list for PBXNativeTarget "FlickrPartyTDD" */;
			buildPhases = (
				611FC57B1D7164F3001E7CA8 /* Sources */,
				611FC57C1D7164F3001E7CA8 /* Frameworks */,
				611FC57D1D7164F3001E7CA8 /* Resources */,
				61F789141D74B7EC00CF8203 /* ShellScript */,
			);
			buildRules = (
			);
			dependencies = (
			);
			name = FlickrPartyTDD;
			productName = FlickrPartyTDD;
			productReference = 611FC57F1D7164F3001E7CA8 /* FlickrPartyTDD.app */;
			productType = "com.apple.product-type.application";
		};
		611FC5921D7164F3001E7CA8 /* FlickrPartyTDDTests */ = {
			isa = PBXNativeTarget;
			buildConfigurationList = 611FC5AA1D7164F3001E7CA8 /* Build configuration list for PBXNativeTarget "FlickrPartyTDDTests" */;
			buildPhases = (
				611FC58F1D7164F3001E7CA8 /* Sources */,
				611FC5901D7164F3001E7CA8 /* Frameworks */,
				611FC5911D7164F3001E7CA8 /* Resources */,
			);
			buildRules = (
			);
			dependencies = (
				611FC5951D7164F3001E7CA8 /* PBXTargetDependency */,
			);
			name = FlickrPartyTDDTests;
			productName = FlickrPartyTDDTests;
			productReference = 611FC5931D7164F3001E7CA8 /* FlickrPartyTDDTests.xctest */;
			productType = "com.apple.product-type.bundle.unit-test";
		};
		611FC59D1D7164F3001E7CA8 /* FlickrPartyTDDUITests */ = {
			isa = PBXNativeTarget;
			buildConfigurationList = 611FC5AD1D7164F3001E7CA8 /* Build configuration list for PBXNativeTarget "FlickrPartyTDDUITests" */;
			buildPhases = (
				611FC59A1D7164F3001E7CA8 /* Sources */,
				611FC59B1D7164F3001E7CA8 /* Frameworks */,
				611FC59C1D7164F3001E7CA8 /* Resources */,
			);
			buildRules = (
			);
			dependencies = (
				611FC5A01D7164F3001E7CA8 /* PBXTargetDependency */,
			);
			name = FlickrPartyTDDUITests;
			productName = FlickrPartyTDDUITests;
			productReference = 611FC59E1D7164F3001E7CA8 /* FlickrPartyTDDUITests.xctest */;
			productType = "com.apple.product-type.bundle.ui-testing";
		};
/* End PBXNativeTarget section */

/* Begin PBXProject section */
		611FC5771D7164F2001E7CA8 /* Project object */ = {
			isa = PBXProject;
			attributes = {
				LastSwiftUpdateCheck = 0730;
				LastUpgradeCheck = 0730;
				ORGANIZATIONNAME = DeuxLapins;
				TargetAttributes = {
					611FC57E1D7164F3001E7CA8 = {
						CreatedOnToolsVersion = 7.3.1;
					};
					611FC5921D7164F3001E7CA8 = {
						CreatedOnToolsVersion = 7.3.1;
						TestTargetID = 611FC57E1D7164F3001E7CA8;
					};
					611FC59D1D7164F3001E7CA8 = {
						CreatedOnToolsVersion = 7.3.1;
						TestTargetID = 611FC57E1D7164F3001E7CA8;
					};
				};
			};
			buildConfigurationList = 611FC57A1D7164F2001E7CA8 /* Build configuration list for PBXProject "FlickrPartyTDD" */;
			compatibilityVersion = "Xcode 3.2";
			developmentRegion = English;
			hasScannedForEncodings = 0;
			knownRegions = (
				en,
				Base,
			);
			mainGroup = 611FC5761D7164F2001E7CA8;
			productRefGroup = 611FC5801D7164F3001E7CA8 /* Products */;
			projectDirPath = "";
			projectRoot = "";
			targets = (
				611FC57E1D7164F3001E7CA8 /* FlickrPartyTDD */,
				611FC5921D7164F3001E7CA8 /* FlickrPartyTDDTests */,
				611FC59D1D7164F3001E7CA8 /* FlickrPartyTDDUITests */,
			);
		};
/* End PBXProject section */

/* Begin PBXResourcesBuildPhase section */
		611FC57D1D7164F3001E7CA8 /* Resources */ = {
			isa = PBXResourcesBuildPhase;
			buildActionMask = 2147483647;
			files = (
				611FC58D1D7164F3001E7CA8 /* LaunchScreen.storyboard in Resources */,
				611FC58A1D7164F3001E7CA8 /* Assets.xcassets in Resources */,
			);
			runOnlyForDeploymentPostprocessing = 0;
		};
		611FC5911D7164F3001E7CA8 /* Resources */ = {
			isa = PBXResourcesBuildPhase;
			buildActionMask = 2147483647;
			files = (
			);
			runOnlyForDeploymentPostprocessing = 0;
		};
		611FC59C1D7164F3001E7CA8 /* Resources */ = {
			isa = PBXResourcesBuildPhase;
			buildActionMask = 2147483647;
			files = (
			);
			runOnlyForDeploymentPostprocessing = 0;
		};
/* End PBXResourcesBuildPhase section */

/* Begin PBXShellScriptBuildPhase section */
		61F789141D74B7EC00CF8203 /* ShellScript */ = {
			isa = PBXShellScriptBuildPhase;
			buildActionMask = 12;
			files = (
			);
			inputPaths = (
				"$(SRCROOT)/Carthage/Build/iOS/Kingfisher.framework",
				"$(SRCROOT)//Carthage/Build/iOS/Reachability.framework",
			);
			outputPaths = (
			);
			runOnlyForDeploymentPostprocessing = 0;
			shellPath = /bin/sh;
			shellScript = "/usr/local/bin/carthage copy-frameworks";
		};
/* End PBXShellScriptBuildPhase section */

/* Begin PBXSourcesBuildPhase section */
		611FC57B1D7164F3001E7CA8 /* Sources */ = {
			isa = PBXSourcesBuildPhase;
			buildActionMask = 2147483647;
			files = (
				61F789191D75600600CF8203 /* ReachabilityManager.swift in Sources */,
				61AC00841D7209B400CDC420 /* GalleryViewController.swift in Sources */,
				61622B9E1D7476E200D3336E /* ConcurrentOpertion.swift in Sources */,
				61E1004B1D743D6B00F516ED /* PhotoLoader.swift in Sources */,
				61E1004F1D743D7E00F516ED /* PhotoManager.swift in Sources */,
				61AC008C1D720DFC00CDC420 /* GalleryDataProvider.swift in Sources */,
				61E1003F1D7439B900F516ED /* FlickrAPIService.swift in Sources */,
				61E1FFF51D72260E00F516ED /* DataProvider.swift in Sources */,
				61F7891D1D7578B600CF8203 /* RefreshCollectionViewCell.swift in Sources */,
				61E1004D1D743D7500F516ED /* FlickrPhotoLoader.swift in Sources */,
				61839F591D71975000B74067 /* Photo.swift in Sources */,
				61E1FFFF1D72DA4D00F516ED /* PhotoViewController.swift in Sources */,
				611FC5831D7164F3001E7CA8 /* AppDelegate.swift in Sources */,
				61E100401D7439B900F516ED /* FlickrResponseParser.swift in Sources */,
				61E1FFF21D721FE400F516ED /* GalleryCollectionViewCell.swift in Sources */,
				61E1FFF71D72D3CA00F516ED /* Extensions.swift in Sources */,
				61F7891B1D75789900CF8203 /* LoadMoreCollectionViewCell.swift in Sources */,
				61839F5A1D71975000B74067 /* PhotoItem.swift in Sources */,
			);
			runOnlyForDeploymentPostprocessing = 0;
		};
		611FC58F1D7164F3001E7CA8 /* Sources */ = {
			isa = PBXSourcesBuildPhase;
			buildActionMask = 2147483647;
			files = (
				61AC008E1D72107000CDC420 /* GalleryDataProviderTests.swift in Sources */,
				61839F4A1D7168CE00B74067 /* PhotoTests.swift in Sources */,
				61E100571D743DAA00F516ED /* PhotoManagerTests.swift in Sources */,
				6164CE131D7494BA00A63277 /* TestRunnerHelper.swift in Sources */,
				61E1FFFD1D72D9F800F516ED /* PhotoViewControllerTests.swift in Sources */,
				61E1FFFA1D72D4ED00F516ED /* GalleryCollectionViewCellTests.swift in Sources */,
				61AC00791D71EEC400CDC420 /* Mocks.swift in Sources */,
				61E100511D743D9700F516ED /* PhotoLoaderTests.swift in Sources */,
				61E100551D743DA100F516ED /* FlickrResponseParserTests.swift in Sources */,
				61AC00821D72091200CDC420 /* GalleryViewControllerTests.swift in Sources */,
				61E100541D743DA100F516ED /* FlickrAPIServiceTests.swift in Sources */,
				61E100071D72EAC200F516ED /* NavigationTests.swift in Sources */,
			);
			runOnlyForDeploymentPostprocessing = 0;
		};
		611FC59A1D7164F3001E7CA8 /* Sources */ = {
			isa = PBXSourcesBuildPhase;
			buildActionMask = 2147483647;
			files = (
			);
			runOnlyForDeploymentPostprocessing = 0;
		};
/* End PBXSourcesBuildPhase section */

/* Begin PBXTargetDependency section */
		611FC5951D7164F3001E7CA8 /* PBXTargetDependency */ = {
			isa = PBXTargetDependency;
			target = 611FC57E1D7164F3001E7CA8 /* FlickrPartyTDD */;
			targetProxy = 611FC5941D7164F3001E7CA8 /* PBXContainerItemProxy */;
		};
		611FC5A01D7164F3001E7CA8 /* PBXTargetDependency */ = {
			isa = PBXTargetDependency;
			target = 611FC57E1D7164F3001E7CA8 /* FlickrPartyTDD */;
			targetProxy = 611FC59F1D7164F3001E7CA8 /* PBXContainerItemProxy */;
		};
/* End PBXTargetDependency section */

/* Begin PBXVariantGroup section */
		611FC58B1D7164F3001E7CA8 /* LaunchScreen.storyboard */ = {
			isa = PBXVariantGroup;
			children = (
				611FC58C1D7164F3001E7CA8 /* Base */,
			);
			name = LaunchScreen.storyboard;
			sourceTree = "<group>";
		};
/* End PBXVariantGroup section */

/* Begin XCBuildConfiguration section */
		611FC5A51D7164F3001E7CA8 /* Debug */ = {
			isa = XCBuildConfiguration;
			buildSettings = {
				ALWAYS_SEARCH_USER_PATHS = NO;
				CLANG_ANALYZER_NONNULL = YES;
				CLANG_CXX_LANGUAGE_STANDARD = "gnu++0x";
				CLANG_CXX_LIBRARY = "libc++";
				CLANG_ENABLE_MODULES = YES;
				CLANG_ENABLE_OBJC_ARC = YES;
				CLANG_WARN_BOOL_CONVERSION = YES;
				CLANG_WARN_CONSTANT_CONVERSION = YES;
				CLANG_WARN_DIRECT_OBJC_ISA_USAGE = YES_ERROR;
				CLANG_WARN_EMPTY_BODY = YES;
				CLANG_WARN_ENUM_CONVERSION = YES;
				CLANG_WARN_INT_CONVERSION = YES;
				CLANG_WARN_OBJC_ROOT_CLASS = YES_ERROR;
				CLANG_WARN_UNREACHABLE_CODE = YES;
				CLANG_WARN__DUPLICATE_METHOD_MATCH = YES;
				"CODE_SIGN_IDENTITY[sdk=iphoneos*]" = "iPhone Developer";
				COPY_PHASE_STRIP = NO;
				DEBUG_INFORMATION_FORMAT = dwarf;
				ENABLE_STRICT_OBJC_MSGSEND = YES;
				ENABLE_TESTABILITY = YES;
				GCC_C_LANGUAGE_STANDARD = gnu99;
				GCC_DYNAMIC_NO_PIC = NO;
				GCC_NO_COMMON_BLOCKS = YES;
				GCC_OPTIMIZATION_LEVEL = 0;
				GCC_PREPROCESSOR_DEFINITIONS = (
					"DEBUG=1",
					"$(inherited)",
				);
				GCC_WARN_64_TO_32_BIT_CONVERSION = YES;
				GCC_WARN_ABOUT_RETURN_TYPE = YES_ERROR;
				GCC_WARN_UNDECLARED_SELECTOR = YES;
				GCC_WARN_UNINITIALIZED_AUTOS = YES_AGGRESSIVE;
				GCC_WARN_UNUSED_FUNCTION = YES;
				GCC_WARN_UNUSED_VARIABLE = YES;
				IPHONEOS_DEPLOYMENT_TARGET = 8.0;
				MTL_ENABLE_DEBUG_INFO = YES;
				ONLY_ACTIVE_ARCH = YES;
				SDKROOT = iphoneos;
				SWIFT_OPTIMIZATION_LEVEL = "-Onone";
			};
			name = Debug;
		};
		611FC5A61D7164F3001E7CA8 /* Release */ = {
			isa = XCBuildConfiguration;
			buildSettings = {
				ALWAYS_SEARCH_USER_PATHS = NO;
				CLANG_ANALYZER_NONNULL = YES;
				CLANG_CXX_LANGUAGE_STANDARD = "gnu++0x";
				CLANG_CXX_LIBRARY = "libc++";
				CLANG_ENABLE_MODULES = YES;
				CLANG_ENABLE_OBJC_ARC = YES;
				CLANG_WARN_BOOL_CONVERSION = YES;
				CLANG_WARN_CONSTANT_CONVERSION = YES;
				CLANG_WARN_DIRECT_OBJC_ISA_USAGE = YES_ERROR;
				CLANG_WARN_EMPTY_BODY = YES;
				CLANG_WARN_ENUM_CONVERSION = YES;
				CLANG_WARN_INT_CONVERSION = YES;
				CLANG_WARN_OBJC_ROOT_CLASS = YES_ERROR;
				CLANG_WARN_UNREACHABLE_CODE = YES;
				CLANG_WARN__DUPLICATE_METHOD_MATCH = YES;
				"CODE_SIGN_IDENTITY[sdk=iphoneos*]" = "iPhone Developer";
				COPY_PHASE_STRIP = NO;
				DEBUG_INFORMATION_FORMAT = "dwarf-with-dsym";
				ENABLE_NS_ASSERTIONS = NO;
				ENABLE_STRICT_OBJC_MSGSEND = YES;
				GCC_C_LANGUAGE_STANDARD = gnu99;
				GCC_NO_COMMON_BLOCKS = YES;
				GCC_WARN_64_TO_32_BIT_CONVERSION = YES;
				GCC_WARN_ABOUT_RETURN_TYPE = YES_ERROR;
				GCC_WARN_UNDECLARED_SELECTOR = YES;
				GCC_WARN_UNINITIALIZED_AUTOS = YES_AGGRESSIVE;
				GCC_WARN_UNUSED_FUNCTION = YES;
				GCC_WARN_UNUSED_VARIABLE = YES;
				IPHONEOS_DEPLOYMENT_TARGET = 8.0;
				MTL_ENABLE_DEBUG_INFO = NO;
				SDKROOT = iphoneos;
				VALIDATE_PRODUCT = YES;
			};
			name = Release;
		};
		611FC5A81D7164F3001E7CA8 /* Debug */ = {
			isa = XCBuildConfiguration;
			buildSettings = {
				ASSETCATALOG_COMPILER_APPICON_NAME = AppIcon;
				FRAMEWORK_SEARCH_PATHS = (
					"$(inherited)",
					"$(PROJECT_DIR)/Carthage/Build/iOS",
				);
				INFOPLIST_FILE = FlickrPartyTDD/Info.plist;
				IPHONEOS_DEPLOYMENT_TARGET = 8.0;
				LD_RUNPATH_SEARCH_PATHS = "$(inherited) @executable_path/Frameworks";
				PRODUCT_BUNDLE_IDENTIFIER = com.deuxlapins.FlickrPartyTDD;
				PRODUCT_NAME = "$(TARGET_NAME)";
			};
			name = Debug;
		};
		611FC5A91D7164F3001E7CA8 /* Release */ = {
			isa = XCBuildConfiguration;
			buildSettings = {
				ASSETCATALOG_COMPILER_APPICON_NAME = AppIcon;
				FRAMEWORK_SEARCH_PATHS = (
					"$(inherited)",
					"$(PROJECT_DIR)/Carthage/Build/iOS",
				);
				INFOPLIST_FILE = FlickrPartyTDD/Info.plist;
				IPHONEOS_DEPLOYMENT_TARGET = 8.0;
				LD_RUNPATH_SEARCH_PATHS = "$(inherited) @executable_path/Frameworks";
				PRODUCT_BUNDLE_IDENTIFIER = com.deuxlapins.FlickrPartyTDD;
				PRODUCT_NAME = "$(TARGET_NAME)";
			};
			name = Release;
		};
		611FC5AB1D7164F3001E7CA8 /* Debug */ = {
			isa = XCBuildConfiguration;
			buildSettings = {
				BUNDLE_LOADER = "$(TEST_HOST)";
				CLANG_ENABLE_MODULES = YES;
				INFOPLIST_FILE = FlickrPartyTDDTests/Info.plist;
				LD_RUNPATH_SEARCH_PATHS = "$(inherited) @executable_path/Frameworks @loader_path/Frameworks";
				PRODUCT_BUNDLE_IDENTIFIER = com.deuxlapins.FlickrPartyTDDTests;
				PRODUCT_NAME = "$(TARGET_NAME)";
				SWIFT_OPTIMIZATION_LEVEL = "-Onone";
				TEST_HOST = "$(BUILT_PRODUCTS_DIR)/FlickrPartyTDD.app/FlickrPartyTDD";
			};
			name = Debug;
		};
		611FC5AC1D7164F3001E7CA8 /* Release */ = {
			isa = XCBuildConfiguration;
			buildSettings = {
				BUNDLE_LOADER = "$(TEST_HOST)";
				CLANG_ENABLE_MODULES = YES;
				INFOPLIST_FILE = FlickrPartyTDDTests/Info.plist;
				LD_RUNPATH_SEARCH_PATHS = "$(inherited) @executable_path/Frameworks @loader_path/Frameworks";
				PRODUCT_BUNDLE_IDENTIFIER = com.deuxlapins.FlickrPartyTDDTests;
				PRODUCT_NAME = "$(TARGET_NAME)";
				TEST_HOST = "$(BUILT_PRODUCTS_DIR)/FlickrPartyTDD.app/FlickrPartyTDD";
			};
			name = Release;
		};
		611FC5AE1D7164F3001E7CA8 /* Debug */ = {
			isa = XCBuildConfiguration;
			buildSettings = {
				CLANG_ENABLE_MODULES = YES;
				INFOPLIST_FILE = FlickrPartyTDDUITests/Info.plist;
				LD_RUNPATH_SEARCH_PATHS = "$(inherited) @executable_path/Frameworks @loader_path/Frameworks";
				PRODUCT_BUNDLE_IDENTIFIER = com.deuxlapins.FlickrPartyTDDUITests;
				PRODUCT_NAME = "$(TARGET_NAME)";
				SWIFT_OPTIMIZATION_LEVEL = "-Onone";
				TEST_TARGET_NAME = FlickrPartyTDD;
			};
			name = Debug;
		};
		611FC5AF1D7164F3001E7CA8 /* Release */ = {
			isa = XCBuildConfiguration;
			buildSettings = {
				CLANG_ENABLE_MODULES = YES;
				INFOPLIST_FILE = FlickrPartyTDDUITests/Info.plist;
				LD_RUNPATH_SEARCH_PATHS = "$(inherited) @executable_path/Frameworks @loader_path/Frameworks";
				PRODUCT_BUNDLE_IDENTIFIER = com.deuxlapins.FlickrPartyTDDUITests;
				PRODUCT_NAME = "$(TARGET_NAME)";
				TEST_TARGET_NAME = FlickrPartyTDD;
			};
			name = Release;
		};
/* End XCBuildConfiguration section */

/* Begin XCConfigurationList section */
		611FC57A1D7164F2001E7CA8 /* Build configuration list for PBXProject "FlickrPartyTDD" */ = {
			isa = XCConfigurationList;
			buildConfigurations = (
				611FC5A51D7164F3001E7CA8 /* Debug */,
				611FC5A61D7164F3001E7CA8 /* Release */,
			);
			defaultConfigurationIsVisible = 0;
			defaultConfigurationName = Release;
		};
		611FC5A71D7164F3001E7CA8 /* Build configuration list for PBXNativeTarget "FlickrPartyTDD" */ = {
			isa = XCConfigurationList;
			buildConfigurations = (
				611FC5A81D7164F3001E7CA8 /* Debug */,
				611FC5A91D7164F3001E7CA8 /* Release */,
			);
			defaultConfigurationIsVisible = 0;
			defaultConfigurationName = Release;
		};
		611FC5AA1D7164F3001E7CA8 /* Build configuration list for PBXNativeTarget "FlickrPartyTDDTests" */ = {
			isa = XCConfigurationList;
			buildConfigurations = (
				611FC5AB1D7164F3001E7CA8 /* Debug */,
				611FC5AC1D7164F3001E7CA8 /* Release */,
			);
			defaultConfigurationIsVisible = 0;
			defaultConfigurationName = Release;
		};
		611FC5AD1D7164F3001E7CA8 /* Build configuration list for PBXNativeTarget "FlickrPartyTDDUITests" */ = {
			isa = XCConfigurationList;
			buildConfigurations = (
				611FC5AE1D7164F3001E7CA8 /* Debug */,
				611FC5AF1D7164F3001E7CA8 /* Release */,
			);
			defaultConfigurationIsVisible = 0;
			defaultConfigurationName = Release;
		};
/* End XCConfigurationList section */
	};
	rootObject = 611FC5771D7164F2001E7CA8 /* Project object */;
}
